
Microsoft Visual Studio Solution File, Format Version 12.00
# Visual Studio Version 16
VisualStudioVersion = 16.0.31424.327
MinimumVisualStudioVersion = 10.0.40219.1
Project("{FAE04EC0-301F-11D3-BF4B-00C04F79EFBC}") = "RotatorMVC", "RotatorMVC\RotatorMVC.csproj", "{2C768A38-6313-4DFF-B79C-9AE1B8B5702E}"
EndProject
Global
	GlobalSection(SolutionConfigurationPlatforms) = preSolution
		Debug|Any CPU = Debug|Any CPU
		Release|Any CPU = Release|Any CPU
	EndGlobalSection
	GlobalSection(ProjectConfigurationPlatforms) = postSolution
		{2C768A38-6313-4DFF-B79C-9AE1B8B5702E}.Debug|Any CPU.ActiveCfg = Debug|Any CPU
		{2C768A38-6313-4DFF-B79C-9AE1B8B5702E}.Debug|Any CPU.Build.0 = Debug|Any CPU
		{2C768A38-6313-4DFF-B79C-9AE1B8B5702E}.Release|Any CPU.ActiveCfg = Release|Any CPU
		{2C768A38-6313-4DFF-B79C-9AE1B8B5702E}.Release|Any CPU.Build.0 = Release|Any CPU
	EndGlobalSection
	GlobalSection(SolutionProperties) = preSolution
		HideSolutionNode = FALSE
	EndGlobalSection
	GlobalSection(ExtensibilityGlobals) = postSolution
		SolutionGuid = {1A385E17-7B52-4321-BA13-DF6A96D30841}
	EndGlobalSection
EndGlobal
